
Microsoft Visual Studio Solution File, Format Version 12.00
# Visual Studio Version 17
VisualStudioVersion = 17.5.002.0
MinimumVisualStudioVersion = 10.0.40219.1
Project("{9A19103F-16F7-4668-BE54-9A1E7A4F7556}") = "Ödev1", "Ödev1.csproj", "{6E3E9509-0FBD-4E8F-869C-DCCEB3BD6B5F}"
EndProject
Project("{FAE04EC0-301F-11D3-BF4B-00C04F79EFBC}") = "Ödev2", "Ödev2\Ödev2.csproj", "{0E750974-1E58-4804-9AF6-2FBB538BD126}"
EndProject
Project("{FAE04EC0-301F-11D3-BF4B-00C04F79EFBC}") = "Ödev3", "Ödev3\Ödev3.csproj", "{60AD660B-42AA-469F-AC1F-00979929C79F}"
EndProject
Global
	GlobalSection(SolutionConfigurationPlatforms) = preSolution
		Debug|Any CPU = Debug|Any CPU
		Release|Any CPU = Release|Any CPU
	EndGlobalSection
	GlobalSection(ProjectConfigurationPlatforms) = postSolution
		{6E3E9509-0FBD-4E8F-869C-DCCEB3BD6B5F}.Debug|Any CPU.ActiveCfg = Debug|Any CPU
		{6E3E9509-0FBD-4E8F-869C-DCCEB3BD6B5F}.Debug|Any CPU.Build.0 = Debug|Any CPU
		{6E3E9509-0FBD-4E8F-869C-DCCEB3BD6B5F}.Release|Any CPU.ActiveCfg = Release|Any CPU
		{6E3E9509-0FBD-4E8F-869C-DCCEB3BD6B5F}.Release|Any CPU.Build.0 = Release|Any CPU
		{0E750974-1E58-4804-9AF6-2FBB538BD126}.Debug|Any CPU.ActiveCfg = Debug|Any CPU
		{0E750974-1E58-4804-9AF6-2FBB538BD126}.Debug|Any CPU.Build.0 = Debug|Any CPU
		{0E750974-1E58-4804-9AF6-2FBB538BD126}.Release|Any CPU.ActiveCfg = Release|Any CPU
		{0E750974-1E58-4804-9AF6-2FBB538BD126}.Release|Any CPU.Build.0 = Release|Any CPU
		{60AD660B-42AA-469F-AC1F-00979929C79F}.Debug|Any CPU.ActiveCfg = Debug|Any CPU
		{60AD660B-42AA-469F-AC1F-00979929C79F}.Debug|Any CPU.Build.0 = Debug|Any CPU
		{60AD660B-42AA-469F-AC1F-00979929C79F}.Release|Any CPU.ActiveCfg = Release|Any CPU
		{60AD660B-42AA-469F-AC1F-00979929C79F}.Release|Any CPU.Build.0 = Release|Any CPU
	EndGlobalSection
	GlobalSection(SolutionProperties) = preSolution
		HideSolutionNode = FALSE
	EndGlobalSection
	GlobalSection(ExtensibilityGlobals) = postSolution
		SolutionGuid = {522A6AD6-9CCD-480B-B8D0-D700CA222D83}
	EndGlobalSection
EndGlobal
